
Microsoft Visual Studio Solution File, Format Version 12.00
# Visual Studio Version 17
VisualStudioVersion = 17.6.33829.357
MinimumVisualStudioVersion = 10.0.40219.1
Project("{FAE04EC0-301F-11D3-BF4B-00C04F79EFBC}") = "EnglishParser", "EnglishParser\EnglishParser.csproj", "{E053158B-D5A9-461F-8D41-4FCB0A98F0B3}"
EndProject
Global
	GlobalSection(SolutionConfigurationPlatforms) = preSolution
		Debug|Any CPU = Debug|Any CPU
		Release|Any CPU = Release|Any CPU
	EndGlobalSection
	GlobalSection(ProjectConfigurationPlatforms) = postSolution
		{E053158B-D5A9-461F-8D41-4FCB0A98F0B3}.Debug|Any CPU.ActiveCfg = Debug|Any CPU
		{E053158B-D5A9-461F-8D41-4FCB0A98F0B3}.Debug|Any CPU.Build.0 = Debug|Any CPU
		{E053158B-D5A9-461F-8D41-4FCB0A98F0B3}.Release|Any CPU.ActiveCfg = Release|Any CPU
		{E053158B-D5A9-461F-8D41-4FCB0A98F0B3}.Release|Any CPU.Build.0 = Release|Any CPU
	EndGlobalSection
	GlobalSection(SolutionProperties) = preSolution
		HideSolutionNode = FALSE
	EndGlobalSection
	GlobalSection(ExtensibilityGlobals) = postSolution
		SolutionGuid = {D8FFCB5D-E28D-48C1-A66D-1D8C6FC7CCAB}
	EndGlobalSection
EndGlobal
